
Microsoft Visual Studio Solution File, Format Version 12.00
# Visual Studio Version 16
VisualStudioVersion = 16.0.29403.142
MinimumVisualStudioVersion = 10.0.40219.1
Project("{FAE04EC0-301F-11D3-BF4B-00C04F79EFBC}") = "hospital", "hospital\hospital.csproj", "{2134444D-CF29-49A4-9E54-EEB5ED72D9A7}"
EndProject
Global
	GlobalSection(SolutionConfigurationPlatforms) = preSolution
		Debug|Any CPU = Debug|Any CPU
		Release|Any CPU = Release|Any CPU
	EndGlobalSection
	GlobalSection(ProjectConfigurationPlatforms) = postSolution
		{2134444D-CF29-49A4-9E54-EEB5ED72D9A7}.Debug|Any CPU.ActiveCfg = Debug|Any CPU
		{2134444D-CF29-49A4-9E54-EEB5ED72D9A7}.Debug|Any CPU.Build.0 = Debug|Any CPU
		{2134444D-CF29-49A4-9E54-EEB5ED72D9A7}.Release|Any CPU.ActiveCfg = Release|Any CPU
		{2134444D-CF29-49A4-9E54-EEB5ED72D9A7}.Release|Any CPU.Build.0 = Release|Any CPU
	EndGlobalSection
	GlobalSection(SolutionProperties) = preSolution
		HideSolutionNode = FALSE
	EndGlobalSection
	GlobalSection(ExtensibilityGlobals) = postSolution
		SolutionGuid = {387FD49E-5702-42F8-838F-D3156483124B}
	EndGlobalSection
EndGlobal
